
Microsoft Visual Studio Solution File, Format Version 12.00
# Visual Studio Version 17
VisualStudioVersion = 17.0.31903.59
MinimumVisualStudioVersion = 10.0.40219.1
Project("{FAE04EC0-301F-11D3-BF4B-00C04F79EFBC}") = "Contollers", "Contollers\Contollers.csproj", "{9930B4B6-1967-4EF7-9199-3CB40F433852}"
EndProject
Project("{FAE04EC0-301F-11D3-BF4B-00C04F79EFBC}") = "Entities", "Entities\Entities.csproj", "{6FE3DB71-73A4-473F-8C3A-5FC117710DE1}"
EndProject
Global
	GlobalSection(SolutionConfigurationPlatforms) = preSolution
		Debug|Any CPU = Debug|Any CPU
		Release|Any CPU = Release|Any CPU
	EndGlobalSection
	GlobalSection(SolutionProperties) = preSolution
		HideSolutionNode = FALSE
	EndGlobalSection
	GlobalSection(ProjectConfigurationPlatforms) = postSolution
		{9930B4B6-1967-4EF7-9199-3CB40F433852}.Debug|Any CPU.ActiveCfg = Debug|Any CPU
		{9930B4B6-1967-4EF7-9199-3CB40F433852}.Debug|Any CPU.Build.0 = Debug|Any CPU
		{9930B4B6-1967-4EF7-9199-3CB40F433852}.Release|Any CPU.ActiveCfg = Release|Any CPU
		{9930B4B6-1967-4EF7-9199-3CB40F433852}.Release|Any CPU.Build.0 = Release|Any CPU
		{6FE3DB71-73A4-473F-8C3A-5FC117710DE1}.Debug|Any CPU.ActiveCfg = Debug|Any CPU
		{6FE3DB71-73A4-473F-8C3A-5FC117710DE1}.Debug|Any CPU.Build.0 = Debug|Any CPU
		{6FE3DB71-73A4-473F-8C3A-5FC117710DE1}.Release|Any CPU.ActiveCfg = Release|Any CPU
		{6FE3DB71-73A4-473F-8C3A-5FC117710DE1}.Release|Any CPU.Build.0 = Release|Any CPU
	EndGlobalSection
EndGlobal
